
Microsoft Visual Studio Solution File, Format Version 12.00
# Visual Studio Version 17
VisualStudioVersion = 17.11.35208.52
MinimumVisualStudioVersion = 10.0.40219.1
Project("{FAE04EC0-301F-11D3-BF4B-00C04F79EFBC}") = "Piedra_papel_o_tijera", "Piedra_papel_o_tijera.csproj", "{A9116393-81C9-431F-8914-CF7BD29FB68D}"
EndProject
Global
	GlobalSection(SolutionConfigurationPlatforms) = preSolution
		Debug|Any CPU = Debug|Any CPU
		Release|Any CPU = Release|Any CPU
	EndGlobalSection
	GlobalSection(ProjectConfigurationPlatforms) = postSolution
		{A9116393-81C9-431F-8914-CF7BD29FB68D}.Debug|Any CPU.ActiveCfg = Debug|Any CPU
		{A9116393-81C9-431F-8914-CF7BD29FB68D}.Debug|Any CPU.Build.0 = Debug|Any CPU
		{A9116393-81C9-431F-8914-CF7BD29FB68D}.Release|Any CPU.ActiveCfg = Release|Any CPU
		{A9116393-81C9-431F-8914-CF7BD29FB68D}.Release|Any CPU.Build.0 = Release|Any CPU
	EndGlobalSection
	GlobalSection(SolutionProperties) = preSolution
		HideSolutionNode = FALSE
	EndGlobalSection
	GlobalSection(ExtensibilityGlobals) = postSolution
		SolutionGuid = {C2ABC548-64A3-4620-B77B-AD74259AFB09}
	EndGlobalSection
EndGlobal
